
Microsoft Visual Studio Solution File, Format Version 12.00
# Visual Studio Version 17
VisualStudioVersion = 17.14.36301.6
MinimumVisualStudioVersion = 10.0.40219.1
Project("{FAE04EC0-301F-11D3-BF4B-00C04F79EFBC}") = "OrderFlow.Domain", "OrderFlow.Domain\OrderFlow.Domain.csproj", "{01EDF7AA-6AF1-40AE-9185-E45861B32229}"
EndProject
Project("{FAE04EC0-301F-11D3-BF4B-00C04F79EFBC}") = "OrderFlow.Persistence", "OrderFlow.Persistence\OrderFlow.Persistence.csproj", "{8EC95392-D5FB-4059-89EA-F09B3EE0D34E}"
EndProject
Global
	GlobalSection(SolutionConfigurationPlatforms) = preSolution
		Debug|Any CPU = Debug|Any CPU
		Release|Any CPU = Release|Any CPU
	EndGlobalSection
	GlobalSection(ProjectConfigurationPlatforms) = postSolution
		{01EDF7AA-6AF1-40AE-9185-E45861B32229}.Debug|Any CPU.ActiveCfg = Debug|Any CPU
		{01EDF7AA-6AF1-40AE-9185-E45861B32229}.Debug|Any CPU.Build.0 = Debug|Any CPU
		{01EDF7AA-6AF1-40AE-9185-E45861B32229}.Release|Any CPU.ActiveCfg = Release|Any CPU
		{01EDF7AA-6AF1-40AE-9185-E45861B32229}.Release|Any CPU.Build.0 = Release|Any CPU
		{8EC95392-D5FB-4059-89EA-F09B3EE0D34E}.Debug|Any CPU.ActiveCfg = Debug|Any CPU
		{8EC95392-D5FB-4059-89EA-F09B3EE0D34E}.Debug|Any CPU.Build.0 = Debug|Any CPU
		{8EC95392-D5FB-4059-89EA-F09B3EE0D34E}.Release|Any CPU.ActiveCfg = Release|Any CPU
		{8EC95392-D5FB-4059-89EA-F09B3EE0D34E}.Release|Any CPU.Build.0 = Release|Any CPU
	EndGlobalSection
	GlobalSection(SolutionProperties) = preSolution
		HideSolutionNode = FALSE
	EndGlobalSection
	GlobalSection(ExtensibilityGlobals) = postSolution
		SolutionGuid = {86B81E2E-2673-4A28-B098-AF1B7170194B}
	EndGlobalSection
EndGlobal
