
Microsoft Visual Studio Solution File, Format Version 12.00
# Visual Studio Version 17
VisualStudioVersion = 17.14.36301.6
MinimumVisualStudioVersion = 10.0.40219.1
Project("{FAE04EC0-301F-11D3-BF4B-00C04F79EFBC}") = "OrderFlow.Core", "OrderFlow.Core\OrderFlow.Core.csproj", "{C1D1FFD8-8A27-475F-AD33-F39AB2491BED}"
EndProject
Global
	GlobalSection(SolutionConfigurationPlatforms) = preSolution
		Debug|Any CPU = Debug|Any CPU
		Release|Any CPU = Release|Any CPU
	EndGlobalSection
	GlobalSection(ProjectConfigurationPlatforms) = postSolution
		{C1D1FFD8-8A27-475F-AD33-F39AB2491BED}.Debug|Any CPU.ActiveCfg = Debug|Any CPU
		{C1D1FFD8-8A27-475F-AD33-F39AB2491BED}.Debug|Any CPU.Build.0 = Debug|Any CPU
		{C1D1FFD8-8A27-475F-AD33-F39AB2491BED}.Release|Any CPU.ActiveCfg = Release|Any CPU
		{C1D1FFD8-8A27-475F-AD33-F39AB2491BED}.Release|Any CPU.Build.0 = Release|Any CPU
	EndGlobalSection
	GlobalSection(SolutionProperties) = preSolution
		HideSolutionNode = FALSE
	EndGlobalSection
	GlobalSection(ExtensibilityGlobals) = postSolution
		SolutionGuid = {86B81E2E-2673-4A28-B098-AF1B7170194B}
	EndGlobalSection
EndGlobal
