
Microsoft Visual Studio Solution File, Format Version 12.00
# Visual Studio Version 17
VisualStudioVersion = 17.14.36301.6
MinimumVisualStudioVersion = 10.0.40219.1
Project("{FAE04EC0-301F-11D3-BF4B-00C04F79EFBC}") = "OrderFlow.Domain", "OrderFlow.Domain\OrderFlow.Domain.csproj", "{01EDF7AA-6AF1-40AE-9185-E45861B32229}"
EndProject
Project("{FAE04EC0-301F-11D3-BF4B-00C04F79EFBC}") = "OrderFlow.Persistence", "OrderFlow.Persistence\OrderFlow.Persistence.csproj", "{8EC95392-D5FB-4059-89EA-F09B3EE0D34E}"
EndProject
Project("{FAE04EC0-301F-11D3-BF4B-00C04F79EFBC}") = "OrderFlow.Application", "OrderFlow.Application\OrderFlow.Application.csproj", "{EFEE3B18-C84F-4086-840E-EA65ECCBC51F}"
EndProject
Project("{FAE04EC0-301F-11D3-BF4B-00C04F79EFBC}") = "OrderFlow.API", "OrderFlow.API\OrderFlow.API.csproj", "{E0C83A0C-4E14-40A4-AFFB-19FBBEEC2EBA}"
EndProject
Project("{2150E333-8FDC-42A3-9474-1A3956D46DE8}") = "Solution Items", "Solution Items", "{02EA681E-C7D8-13C7-8484-4AC65E1B71E8}"
	ProjectSection(SolutionItems) = preProject
		.editorconfig = .editorconfig
	EndProjectSection
EndProject
Project("{FAE04EC0-301F-11D3-BF4B-00C04F79EFBC}") = "OrderFlow.Web", "OrderFlow.Web\OrderFlow.Web.csproj", "{E82CF1CD-6C07-45B3-8A8B-EC1D94E74EFF}"
EndProject
Project("{FAE04EC0-301F-11D3-BF4B-00C04F79EFBC}") = "OrderFlow.Tests", "OrderFlow.Tests\OrderFlow.Tests.csproj", "{C6E1C4D0-3A3F-4B0D-9C1A-8C1A6E5E9B77}"
EndProject
Global
	GlobalSection(SolutionConfigurationPlatforms) = preSolution
		Debug|Any CPU = Debug|Any CPU
		Release|Any CPU = Release|Any CPU
	EndGlobalSection
	GlobalSection(ProjectConfigurationPlatforms) = postSolution
		{01EDF7AA-6AF1-40AE-9185-E45861B32229}.Debug|Any CPU.ActiveCfg = Debug|Any CPU
		{01EDF7AA-6AF1-40AE-9185-E45861B32229}.Debug|Any CPU.Build.0 = Debug|Any CPU
		{01EDF7AA-6AF1-40AE-9185-E45861B32229}.Release|Any CPU.ActiveCfg = Release|Any CPU
		{01EDF7AA-6AF1-40AE-9185-E45861B32229}.Release|Any CPU.Build.0 = Release|Any CPU
		{8EC95392-D5FB-4059-89EA-F09B3EE0D34E}.Debug|Any CPU.ActiveCfg = Debug|Any CPU
		{8EC95392-D5FB-4059-89EA-F09B3EE0D34E}.Debug|Any CPU.Build.0 = Debug|Any CPU
		{8EC95392-D5FB-4059-89EA-F09B3EE0D34E}.Release|Any CPU.ActiveCfg = Release|Any CPU
		{8EC95392-D5FB-4059-89EA-F09B3EE0D34E}.Release|Any CPU.Build.0 = Release|Any CPU
		{EFEE3B18-C84F-4086-840E-EA65ECCBC51F}.Debug|Any CPU.ActiveCfg = Debug|Any CPU
		{EFEE3B18-C84F-4086-840E-EA65ECCBC51F}.Debug|Any CPU.Build.0 = Debug|Any CPU
		{EFEE3B18-C84F-4086-840E-EA65ECCBC51F}.Release|Any CPU.ActiveCfg = Release|Any CPU
		{EFEE3B18-C84F-4086-840E-EA65ECCBC51F}.Release|Any CPU.Build.0 = Release|Any CPU
		{E0C83A0C-4E14-40A4-AFFB-19FBBEEC2EBA}.Debug|Any CPU.ActiveCfg = Debug|Any CPU
		{E0C83A0C-4E14-40A4-AFFB-19FBBEEC2EBA}.Debug|Any CPU.Build.0 = Debug|Any CPU
		{E0C83A0C-4E14-40A4-AFFB-19FBBEEC2EBA}.Release|Any CPU.ActiveCfg = Release|Any CPU
		{E0C83A0C-4E14-40A4-AFFB-19FBBEEC2EBA}.Release|Any CPU.Build.0 = Release|Any CPU
		{E82CF1CD-6C07-45B3-8A8B-EC1D94E74EFF}.Debug|Any CPU.ActiveCfg = Debug|Any CPU
		{E82CF1CD-6C07-45B3-8A8B-EC1D94E74EFF}.Debug|Any CPU.Build.0 = Debug|Any CPU
		{E82CF1CD-6C07-45B3-8A8B-EC1D94E74EFF}.Release|Any CPU.ActiveCfg = Release|Any CPU
		{E82CF1CD-6C07-45B3-8A8B-EC1D94E74EFF}.Release|Any CPU.Build.0 = Release|Any CPU
		{C6E1C4D0-3A3F-4B0D-9C1A-8C1A6E5E9B77}.Debug|Any CPU.ActiveCfg = Debug|Any CPU
		{C6E1C4D0-3A3F-4B0D-9C1A-8C1A6E5E9B77}.Debug|Any CPU.Build.0 = Debug|Any CPU
		{C6E1C4D0-3A3F-4B0D-9C1A-8C1A6E5E9B77}.Release|Any CPU.ActiveCfg = Release|Any CPU
		{C6E1C4D0-3A3F-4B0D-9C1A-8C1A6E5E9B77}.Release|Any CPU.Build.0 = Release|Any CPU
	EndGlobalSection
	GlobalSection(SolutionProperties) = preSolution
		HideSolutionNode = FALSE
	EndGlobalSection
	GlobalSection(ExtensibilityGlobals) = postSolution
		SolutionGuid = {86B81E2E-2673-4A28-B098-AF1B7170194B}
	EndGlobalSection
EndGlobal
